{
  "name": "frontend",
  "version": "1.0.0",
  "lockfileVersion": 1,
  "requires": true,
  "dependencies": {
    "nginx-conf": {
      "version": "1.5.0",
      "resolved": "https://registry.npmjs.org/nginx-conf/-/nginx-conf-1.5.0.tgz",
      "integrity": "sha512-bzVqdmATU1U9dNn9T9NVoczRJArydh6rGMxg9f8gLhzsPdQkGDqD8H1EcERgeKoLH3UC9mPiDTR6eyi2uDn/kQ=="
    }
  }
}
